
Microsoft Visual Studio Solution File, Format Version 12.00
# Visual Studio 14
VisualStudioVersion = 14.0.25420.1
MinimumVisualStudioVersion = 10.0.40219.1
Project("{FAE04EC0-301F-11D3-BF4B-00C04F79EFBC}") = "Domain", "Domain\Domain.csproj", "{EE066640-E22B-40A1-9AF4-45649ED2D650}"
EndProject
Project("{2150E333-8FDC-42A3-9474-1A3956D46DE8}") = "tests", "tests", "{89E3C1D7-5C6F-42C3-9FED-72FCB13FBE46}"
EndProject
Project("{2150E333-8FDC-42A3-9474-1A3956D46DE8}") = "src", "src", "{65605CB7-2763-4488-86A1-DD836C433646}"
EndProject
Project("{FAE04EC0-301F-11D3-BF4B-00C04F79EFBC}") = "Domain.Tests", "Domain.Tests\Domain.Tests.csproj", "{95A35698-A7BD-433B-A41B-5885DED8989B}"
EndProject
Project("{FAE04EC0-301F-11D3-BF4B-00C04F79EFBC}") = "Application", "Application\Application.csproj", "{9768B4FF-7AD5-4256-BEBA-4F65A895119F}"
EndProject
Project("{FAE04EC0-301F-11D3-BF4B-00C04F79EFBC}") = "WebApi", "WebApi\WebApi.csproj", "{14AE0ECB-A60C-4B5D-8461-81599D8348DC}"
EndProject
Project("{FAE04EC0-301F-11D3-BF4B-00C04F79EFBC}") = "WebApi.Tests", "WebApi.Tests\WebApi.Tests.csproj", "{BEB83635-CCDD-430F-A972-E9D23BAFC8B3}"
EndProject
Global
	GlobalSection(SolutionConfigurationPlatforms) = preSolution
		Debug|Any CPU = Debug|Any CPU
		Release|Any CPU = Release|Any CPU
	EndGlobalSection
	GlobalSection(ProjectConfigurationPlatforms) = postSolution
		{EE066640-E22B-40A1-9AF4-45649ED2D650}.Debug|Any CPU.ActiveCfg = Debug|Any CPU
		{EE066640-E22B-40A1-9AF4-45649ED2D650}.Debug|Any CPU.Build.0 = Debug|Any CPU
		{EE066640-E22B-40A1-9AF4-45649ED2D650}.Release|Any CPU.ActiveCfg = Release|Any CPU
		{EE066640-E22B-40A1-9AF4-45649ED2D650}.Release|Any CPU.Build.0 = Release|Any CPU
		{95A35698-A7BD-433B-A41B-5885DED8989B}.Debug|Any CPU.ActiveCfg = Debug|Any CPU
		{95A35698-A7BD-433B-A41B-5885DED8989B}.Debug|Any CPU.Build.0 = Debug|Any CPU
		{95A35698-A7BD-433B-A41B-5885DED8989B}.Release|Any CPU.ActiveCfg = Release|Any CPU
		{95A35698-A7BD-433B-A41B-5885DED8989B}.Release|Any CPU.Build.0 = Release|Any CPU
		{9768B4FF-7AD5-4256-BEBA-4F65A895119F}.Debug|Any CPU.ActiveCfg = Debug|Any CPU
		{9768B4FF-7AD5-4256-BEBA-4F65A895119F}.Debug|Any CPU.Build.0 = Debug|Any CPU
		{9768B4FF-7AD5-4256-BEBA-4F65A895119F}.Release|Any CPU.ActiveCfg = Release|Any CPU
		{9768B4FF-7AD5-4256-BEBA-4F65A895119F}.Release|Any CPU.Build.0 = Release|Any CPU
		{14AE0ECB-A60C-4B5D-8461-81599D8348DC}.Debug|Any CPU.ActiveCfg = Debug|Any CPU
		{14AE0ECB-A60C-4B5D-8461-81599D8348DC}.Debug|Any CPU.Build.0 = Debug|Any CPU
		{14AE0ECB-A60C-4B5D-8461-81599D8348DC}.Release|Any CPU.ActiveCfg = Release|Any CPU
		{14AE0ECB-A60C-4B5D-8461-81599D8348DC}.Release|Any CPU.Build.0 = Release|Any CPU
		{BEB83635-CCDD-430F-A972-E9D23BAFC8B3}.Debug|Any CPU.ActiveCfg = Debug|Any CPU
		{BEB83635-CCDD-430F-A972-E9D23BAFC8B3}.Debug|Any CPU.Build.0 = Debug|Any CPU
		{BEB83635-CCDD-430F-A972-E9D23BAFC8B3}.Release|Any CPU.ActiveCfg = Release|Any CPU
		{BEB83635-CCDD-430F-A972-E9D23BAFC8B3}.Release|Any CPU.Build.0 = Release|Any CPU
	EndGlobalSection
	GlobalSection(SolutionProperties) = preSolution
		HideSolutionNode = FALSE
	EndGlobalSection
	GlobalSection(NestedProjects) = preSolution
		{EE066640-E22B-40A1-9AF4-45649ED2D650} = {65605CB7-2763-4488-86A1-DD836C433646}
		{95A35698-A7BD-433B-A41B-5885DED8989B} = {89E3C1D7-5C6F-42C3-9FED-72FCB13FBE46}
		{9768B4FF-7AD5-4256-BEBA-4F65A895119F} = {65605CB7-2763-4488-86A1-DD836C433646}
		{14AE0ECB-A60C-4B5D-8461-81599D8348DC} = {65605CB7-2763-4488-86A1-DD836C433646}
		{BEB83635-CCDD-430F-A972-E9D23BAFC8B3} = {89E3C1D7-5C6F-42C3-9FED-72FCB13FBE46}
	EndGlobalSection
EndGlobal
